
Microsoft Visual Studio Solution File, Format Version 12.00
# Visual Studio Version 17
VisualStudioVersion = 17.14.36623.8 d17.14
MinimumVisualStudioVersion = 10.0.40219.1
Project("{FAE04EC0-301F-11D3-BF4B-00C04F79EFBC}") = "facebook_albums", "facebook_data\facebook_albums.csproj", "{A372DCC6-2BCE-4EF3-A5CD-F5DE96DE6161}"
EndProject
Global
	GlobalSection(SolutionConfigurationPlatforms) = preSolution
		Debug|Any CPU = Debug|Any CPU
		Release|Any CPU = Release|Any CPU
	EndGlobalSection
	GlobalSection(ProjectConfigurationPlatforms) = postSolution
		{A372DCC6-2BCE-4EF3-A5CD-F5DE96DE6161}.Debug|Any CPU.ActiveCfg = Debug|Any CPU
		{A372DCC6-2BCE-4EF3-A5CD-F5DE96DE6161}.Debug|Any CPU.Build.0 = Debug|Any CPU
		{A372DCC6-2BCE-4EF3-A5CD-F5DE96DE6161}.Release|Any CPU.ActiveCfg = Release|Any CPU
		{A372DCC6-2BCE-4EF3-A5CD-F5DE96DE6161}.Release|Any CPU.Build.0 = Release|Any CPU
	EndGlobalSection
	GlobalSection(SolutionProperties) = preSolution
		HideSolutionNode = FALSE
	EndGlobalSection
	GlobalSection(ExtensibilityGlobals) = postSolution
		SolutionGuid = {95A2D9BA-A2E2-4C26-BCF8-EF6DC9A70995}
	EndGlobalSection
EndGlobal
